
Microsoft Visual Studio Solution File, Format Version 12.00
# Visual Studio Version 16
VisualStudioVersion = 16.0.28407.52
MinimumVisualStudioVersion = 10.0.40219.1
Project("{9A19103F-16F7-4668-BE54-9A1E7A4F7556}") = "ImmutableHashDictionary", "ImmutableHashDictionary\ImmutableHashDictionary.csproj", "{85701C6E-3FB2-45AD-8184-4F8403BA5069}"
EndProject
Project("{FAE04EC0-301F-11D3-BF4B-00C04F79EFBC}") = "ImmutableHashDictionary.Test", "ImmutableHashDictionary.Test\ImmutableHashDictionary.Test.csproj", "{CFE1FE48-CCD3-4D9B-9D61-81A1E9C750E3}"
EndProject
Project("{FAE04EC0-301F-11D3-BF4B-00C04F79EFBC}") = "ImmutableHashDictionary.Benchmark", "ImmutableHashDictionary.Benchmark\ImmutableHashDictionary.Benchmark.csproj", "{399C2D12-BEF0-448E-961F-E53CB3446857}"
EndProject
Project("{2150E333-8FDC-42A3-9474-1A3956D46DE8}") = "Solution Items", "Solution Items", "{2A53CEED-ED05-42EA-9644-C1F4839A1CD8}"
	ProjectSection(SolutionItems) = preProject
		README.md = README.md
	EndProjectSection
EndProject
Global
	GlobalSection(SolutionConfigurationPlatforms) = preSolution
		Debug|Any CPU = Debug|Any CPU
		Release|Any CPU = Release|Any CPU
	EndGlobalSection
	GlobalSection(ProjectConfigurationPlatforms) = postSolution
		{85701C6E-3FB2-45AD-8184-4F8403BA5069}.Debug|Any CPU.ActiveCfg = Debug|Any CPU
		{85701C6E-3FB2-45AD-8184-4F8403BA5069}.Debug|Any CPU.Build.0 = Debug|Any CPU
		{85701C6E-3FB2-45AD-8184-4F8403BA5069}.Release|Any CPU.ActiveCfg = Release|Any CPU
		{85701C6E-3FB2-45AD-8184-4F8403BA5069}.Release|Any CPU.Build.0 = Release|Any CPU
		{CFE1FE48-CCD3-4D9B-9D61-81A1E9C750E3}.Debug|Any CPU.ActiveCfg = Debug|Any CPU
		{CFE1FE48-CCD3-4D9B-9D61-81A1E9C750E3}.Debug|Any CPU.Build.0 = Debug|Any CPU
		{CFE1FE48-CCD3-4D9B-9D61-81A1E9C750E3}.Release|Any CPU.ActiveCfg = Release|Any CPU
		{CFE1FE48-CCD3-4D9B-9D61-81A1E9C750E3}.Release|Any CPU.Build.0 = Release|Any CPU
		{399C2D12-BEF0-448E-961F-E53CB3446857}.Debug|Any CPU.ActiveCfg = Debug|Any CPU
		{399C2D12-BEF0-448E-961F-E53CB3446857}.Debug|Any CPU.Build.0 = Debug|Any CPU
		{399C2D12-BEF0-448E-961F-E53CB3446857}.Release|Any CPU.ActiveCfg = Release|Any CPU
		{399C2D12-BEF0-448E-961F-E53CB3446857}.Release|Any CPU.Build.0 = Release|Any CPU
	EndGlobalSection
	GlobalSection(SolutionProperties) = preSolution
		HideSolutionNode = FALSE
	EndGlobalSection
	GlobalSection(ExtensibilityGlobals) = postSolution
		SolutionGuid = {FA64EE09-3D40-4900-9B54-9F557F3CBA97}
	EndGlobalSection
EndGlobal
